// !$*UTF8*$!
{
	archiveVersion = 1;
	classes = {
	};
	objectVersion = 46;
	objects = {

/* Begin PBXBuildFile section */
		260634AB1C73E4B7006B36BD /* NewsSourceTableViewController.swift in Sources */ = {isa = PBXBuildFile; fileRef = 260634AA1C73E4B7006B36BD /* NewsSourceTableViewController.swift */; };
		260DDA261BD59AE700E3DC5F /* AppDelegate.swift in Sources */ = {isa = PBXBuildFile; fileRef = 260DDA251BD59AE700E3DC5F /* AppDelegate.swift */; };
		260DDA2B1BD59AE700E3DC5F /* Main.storyboard in Resources */ = {isa = PBXBuildFile; fileRef = 260DDA291BD59AE700E3DC5F /* Main.storyboard */; };
		260DDA2D1BD59AE700E3DC5F /* Assets.xcassets in Resources */ = {isa = PBXBuildFile; fileRef = 260DDA2C1BD59AE700E3DC5F /* Assets.xcassets */; };
		260DDA301BD59AE700E3DC5F /* LaunchScreen.storyboard in Resources */ = {isa = PBXBuildFile; fileRef = 260DDA2E1BD59AE700E3DC5F /* LaunchScreen.storyboard */; };
		260DDA381BD59B0700E3DC5F /* BubblaApi.swift in Sources */ = {isa = PBXBuildFile; fileRef = 260DDA371BD59B0700E3DC5F /* BubblaApi.swift */; };
		260DDA411BD5A38000E3DC5F /* NewsTableViewController.swift in Sources */ = {isa = PBXBuildFile; fileRef = 260DDA401BD5A38000E3DC5F /* NewsTableViewController.swift */; };
		260DDA431BD5A4F100E3DC5F /* NewsItemTableViewCell.swift in Sources */ = {isa = PBXBuildFile; fileRef = 260DDA421BD5A4F100E3DC5F /* NewsItemTableViewCell.swift */; };
		262246691C00D228009FCDDD /* WebViewController.swift in Sources */ = {isa = PBXBuildFile; fileRef = 262246681C00D228009FCDDD /* WebViewController.swift */; };
		26233E471BD6EB0A00C754C8 /* Response.swift in Sources */ = {isa = PBXBuildFile; fileRef = 26233E461BD6EB0A00C754C8 /* Response.swift */; };
		26233E491BD6EBC900C754C8 /* Extensions.swift in Sources */ = {isa = PBXBuildFile; fileRef = 26233E481BD6EBC900C754C8 /* Extensions.swift */; };
		26254AD51C2DA37D0041776E /* PushNotificationsTableViewController.swift in Sources */ = {isa = PBXBuildFile; fileRef = 26254AD41C2DA37D0041776E /* PushNotificationsTableViewController.swift */; };
		26254AD71C2DA3920041776E /* PushNotificationTableViewCell.swift in Sources */ = {isa = PBXBuildFile; fileRef = 26254AD61C2DA3920041776E /* PushNotificationTableViewCell.swift */; };
		263D41D91CAD81EC006ADE9E /* NewsAppearenceTableViewController.swift in Sources */ = {isa = PBXBuildFile; fileRef = 263D41D81CAD81EC006ADE9E /* NewsAppearenceTableViewController.swift */; };
		26607FE11CED500C0055421F /* NewsCollectionViewController.swift in Sources */ = {isa = PBXBuildFile; fileRef = 26607FE01CED500C0055421F /* NewsCollectionViewController.swift */; };
		26607FE31CED50920055421F /* NewsCollectionViewCell.swift in Sources */ = {isa = PBXBuildFile; fileRef = 26607FE21CED50920055421F /* NewsCollectionViewCell.swift */; };
		2666F09A1C04BA8600B453F7 /* BubblaTests.swift in Sources */ = {isa = PBXBuildFile; fileRef = 2666F0991C04BA8600B453F7 /* BubblaTests.swift */; };
		2689203D1CDEC35F00BB0706 /* Main.storyboard in Resources */ = {isa = PBXBuildFile; fileRef = 260DDA291BD59AE700E3DC5F /* Main.storyboard */; };
		26A9A54E1BDE7BCC00140E67 /* CategoryTableViewController.swift in Sources */ = {isa = PBXBuildFile; fileRef = 26A9A54D1BDE7BCC00140E67 /* CategoryTableViewController.swift */; };
		26AD626F1CDCE45D00929C14 /* AppDelegate.swift in Sources */ = {isa = PBXBuildFile; fileRef = 26AD626E1CDCE45D00929C14 /* AppDelegate.swift */; };
		26AD62761CDCE45D00929C14 /* Assets.xcassets in Resources */ = {isa = PBXBuildFile; fileRef = 26AD62751CDCE45D00929C14 /* Assets.xcassets */; };
		26AD627F1CDCE5C800929C14 /* BubblaApi.swift in Sources */ = {isa = PBXBuildFile; fileRef = 260DDA371BD59B0700E3DC5F /* BubblaApi.swift */; };
		26AD62801CDCE5CC00929C14 /* NewsTableViewController.swift in Sources */ = {isa = PBXBuildFile; fileRef = 260DDA401BD5A38000E3DC5F /* NewsTableViewController.swift */; };
		26AD62821CDCE5E000929C14 /* SearchableList.swift in Sources */ = {isa = PBXBuildFile; fileRef = 26D3E7F21C2AF49D006EA2D6 /* SearchableList.swift */; };
		26AD62831CDCE5EA00929C14 /* Extensions.swift in Sources */ = {isa = PBXBuildFile; fileRef = 26233E481BD6EBC900C754C8 /* Extensions.swift */; };
		26AD62841CDCE5EE00929C14 /* Response.swift in Sources */ = {isa = PBXBuildFile; fileRef = 26233E461BD6EB0A00C754C8 /* Response.swift */; };
		26AD62851CDCE5F800929C14 /* NewsItemTableViewCell.swift in Sources */ = {isa = PBXBuildFile; fileRef = 260DDA421BD5A4F100E3DC5F /* NewsItemTableViewCell.swift */; };
		26AD62861CDCE5FC00929C14 /* NewsAppearenceTableViewController.swift in Sources */ = {isa = PBXBuildFile; fileRef = 263D41D81CAD81EC006ADE9E /* NewsAppearenceTableViewController.swift */; };
		26AD62871CDCE60000929C14 /* PushNotificationsTableViewController.swift in Sources */ = {isa = PBXBuildFile; fileRef = 26254AD41C2DA37D0041776E /* PushNotificationsTableViewController.swift */; };
		26AD628B1CDCE60800929C14 /* PushNotificationTableViewCell.swift in Sources */ = {isa = PBXBuildFile; fileRef = 26254AD61C2DA3920041776E /* PushNotificationTableViewCell.swift */; };
		26AD628C1CDCE60800929C14 /* NewsSourceTableViewController.swift in Sources */ = {isa = PBXBuildFile; fileRef = 260634AA1C73E4B7006B36BD /* NewsSourceTableViewController.swift */; };
		26AD628D1CDCE60800929C14 /* CategoryTableViewController.swift in Sources */ = {isa = PBXBuildFile; fileRef = 26A9A54D1BDE7BCC00140E67 /* CategoryTableViewController.swift */; };
		26AD628E1CDCE60800929C14 /* CategoryTableViewCell.swift in Sources */ = {isa = PBXBuildFile; fileRef = 26C4AF9D1C0E8B670027379A /* CategoryTableViewCell.swift */; };
		26AD62931CDCEE2E00929C14 /* Assets.xcassets in Resources */ = {isa = PBXBuildFile; fileRef = 260DDA2C1BD59AE700E3DC5F /* Assets.xcassets */; };
		26AD62971CDCF04300929C14 /* Localizable.strings in Resources */ = {isa = PBXBuildFile; fileRef = 26AD629A1CDCF04300929C14 /* Localizable.strings */; };
		26AD629E1CDCF35F00929C14 /* Localizable.strings in Resources */ = {isa = PBXBuildFile; fileRef = 26AD629A1CDCF04300929C14 /* Localizable.strings */; };
		26AD629F1CDD04A700929C14 /* WebViewController.swift in Sources */ = {isa = PBXBuildFile; fileRef = 262246681C00D228009FCDDD /* WebViewController.swift */; };
		26AD62A01CDD05EE00929C14 /* LaunchScreen.storyboard in Resources */ = {isa = PBXBuildFile; fileRef = 260DDA2E1BD59AE700E3DC5F /* LaunchScreen.storyboard */; };
		26C4AF9E1C0E8B670027379A /* CategoryTableViewCell.swift in Sources */ = {isa = PBXBuildFile; fileRef = 26C4AF9D1C0E8B670027379A /* CategoryTableViewCell.swift */; };
		26D3E7F11C2AE67D006EA2D6 /* news.json in Resources */ = {isa = PBXBuildFile; fileRef = 26D3E7F01C2AE67D006EA2D6 /* news.json */; };
		26D3E7F31C2AF49D006EA2D6 /* SearchableList.swift in Sources */ = {isa = PBXBuildFile; fileRef = 26D3E7F21C2AF49D006EA2D6 /* SearchableList.swift */; };
		26E003511D12166B0009CB07 /* PinterestLayout.swift in Sources */ = {isa = PBXBuildFile; fileRef = 26E003501D12166B0009CB07 /* PinterestLayout.swift */; };
		26E003531D1216730009CB07 /* PhotoStreamViewController.swift in Sources */ = {isa = PBXBuildFile; fileRef = 26E003521D1216730009CB07 /* PhotoStreamViewController.swift */; };
		26E231671BF6FF1300639E70 /* SafariServices.framework in Frameworks */ = {isa = PBXBuildFile; fileRef = 26E231661BF6FF1300639E70 /* SafariServices.framework */; };
		26ED02911C1CA6A400663A21 /* BubblaUITests.swift in Sources */ = {isa = PBXBuildFile; fileRef = 26ED02901C1CA6A400663A21 /* BubblaUITests.swift */; };
/* End PBXBuildFile section */

/* Begin PBXContainerItemProxy section */
		2666F09C1C04BA8600B453F7 /* PBXContainerItemProxy */ = {
			isa = PBXContainerItemProxy;
			containerPortal = 260DDA1A1BD59AE700E3DC5F /* Project object */;
			proxyType = 1;
			remoteGlobalIDString = 260DDA211BD59AE700E3DC5F;
			remoteInfo = Bubbla;
		};
		26ED02931C1CA6A400663A21 /* PBXContainerItemProxy */ = {
			isa = PBXContainerItemProxy;
			containerPortal = 260DDA1A1BD59AE700E3DC5F /* Project object */;
			proxyType = 1;
			remoteGlobalIDString = 260DDA211BD59AE700E3DC5F;
			remoteInfo = Bubbla;
		};
/* End PBXContainerItemProxy section */

/* Begin PBXFileReference section */
		260634AA1C73E4B7006B36BD /* NewsSourceTableViewController.swift */ = {isa = PBXFileReference; fileEncoding = 4; lastKnownFileType = sourcecode.swift; path = NewsSourceTableViewController.swift; sourceTree = "<group>"; };
		260DDA221BD59AE700E3DC5F /* Bubbla.app */ = {isa = PBXFileReference; explicitFileType = wrapper.application; includeInIndex = 0; path = Bubbla.app; sourceTree = BUILT_PRODUCTS_DIR; };
		260DDA251BD59AE700E3DC5F /* AppDelegate.swift */ = {isa = PBXFileReference; lastKnownFileType = sourcecode.swift; path = AppDelegate.swift; sourceTree = "<group>"; };
		260DDA2A1BD59AE700E3DC5F /* Base */ = {isa = PBXFileReference; lastKnownFileType = file.storyboard; name = Base; path = Base.lproj/Main.storyboard; sourceTree = "<group>"; };
		260DDA2C1BD59AE700E3DC5F /* Assets.xcassets */ = {isa = PBXFileReference; lastKnownFileType = folder.assetcatalog; path = Assets.xcassets; sourceTree = "<group>"; };
		260DDA2F1BD59AE700E3DC5F /* Base */ = {isa = PBXFileReference; lastKnownFileType = file.storyboard; name = Base; path = Base.lproj/LaunchScreen.storyboard; sourceTree = "<group>"; };
		260DDA311BD59AE700E3DC5F /* Info.plist */ = {isa = PBXFileReference; lastKnownFileType = text.plist.xml; path = Info.plist; sourceTree = "<group>"; };
		260DDA371BD59B0700E3DC5F /* BubblaApi.swift */ = {isa = PBXFileReference; fileEncoding = 4; lastKnownFileType = sourcecode.swift; path = BubblaApi.swift; sourceTree = "<group>"; };
		260DDA401BD5A38000E3DC5F /* NewsTableViewController.swift */ = {isa = PBXFileReference; fileEncoding = 4; lastKnownFileType = sourcecode.swift; path = NewsTableViewController.swift; sourceTree = "<group>"; };
		260DDA421BD5A4F100E3DC5F /* NewsItemTableViewCell.swift */ = {isa = PBXFileReference; fileEncoding = 4; lastKnownFileType = sourcecode.swift; path = NewsItemTableViewCell.swift; sourceTree = "<group>"; };
		262246681C00D228009FCDDD /* WebViewController.swift */ = {isa = PBXFileReference; fileEncoding = 4; lastKnownFileType = sourcecode.swift; path = WebViewController.swift; sourceTree = "<group>"; };
		26233E461BD6EB0A00C754C8 /* Response.swift */ = {isa = PBXFileReference; fileEncoding = 4; lastKnownFileType = sourcecode.swift; path = Response.swift; sourceTree = "<group>"; };
		26233E481BD6EBC900C754C8 /* Extensions.swift */ = {isa = PBXFileReference; fileEncoding = 4; lastKnownFileType = sourcecode.swift; path = Extensions.swift; sourceTree = "<group>"; };
		26254AD41C2DA37D0041776E /* PushNotificationsTableViewController.swift */ = {isa = PBXFileReference; fileEncoding = 4; lastKnownFileType = sourcecode.swift; path = PushNotificationsTableViewController.swift; sourceTree = "<group>"; };
		26254AD61C2DA3920041776E /* PushNotificationTableViewCell.swift */ = {isa = PBXFileReference; fileEncoding = 4; lastKnownFileType = sourcecode.swift; path = PushNotificationTableViewCell.swift; sourceTree = "<group>"; };
		263D41D81CAD81EC006ADE9E /* NewsAppearenceTableViewController.swift */ = {isa = PBXFileReference; fileEncoding = 4; lastKnownFileType = sourcecode.swift; name = NewsAppearenceTableViewController.swift; path = ../NewsAppearenceTableViewController.swift; sourceTree = "<group>"; };
		26607FE01CED500C0055421F /* NewsCollectionViewController.swift */ = {isa = PBXFileReference; fileEncoding = 4; lastKnownFileType = sourcecode.swift; path = NewsCollectionViewController.swift; sourceTree = "<group>"; };
		26607FE21CED50920055421F /* NewsCollectionViewCell.swift */ = {isa = PBXFileReference; fileEncoding = 4; lastKnownFileType = sourcecode.swift; path = NewsCollectionViewCell.swift; sourceTree = "<group>"; };
		2666F0971C04BA8500B453F7 /* BubblaTests.xctest */ = {isa = PBXFileReference; explicitFileType = wrapper.cfbundle; includeInIndex = 0; path = BubblaTests.xctest; sourceTree = BUILT_PRODUCTS_DIR; };
		2666F0991C04BA8600B453F7 /* BubblaTests.swift */ = {isa = PBXFileReference; lastKnownFileType = sourcecode.swift; path = BubblaTests.swift; sourceTree = "<group>"; };
		2666F09B1C04BA8600B453F7 /* Info.plist */ = {isa = PBXFileReference; lastKnownFileType = text.plist.xml; path = Info.plist; sourceTree = "<group>"; };
		268920401CDEC47B00BB0706 /* sv */ = {isa = PBXFileReference; lastKnownFileType = text.plist.strings; name = sv; path = sv.lproj/Main.strings; sourceTree = "<group>"; };
		26A9A54D1BDE7BCC00140E67 /* CategoryTableViewController.swift */ = {isa = PBXFileReference; fileEncoding = 4; lastKnownFileType = sourcecode.swift; path = CategoryTableViewController.swift; sourceTree = "<group>"; };
		26AD626C1CDCE45D00929C14 /* Corax.app */ = {isa = PBXFileReference; explicitFileType = wrapper.application; includeInIndex = 0; path = Corax.app; sourceTree = BUILT_PRODUCTS_DIR; };
		26AD626E1CDCE45D00929C14 /* AppDelegate.swift */ = {isa = PBXFileReference; lastKnownFileType = sourcecode.swift; path = AppDelegate.swift; sourceTree = "<group>"; };
		26AD62751CDCE45D00929C14 /* Assets.xcassets */ = {isa = PBXFileReference; lastKnownFileType = folder.assetcatalog; path = Assets.xcassets; sourceTree = "<group>"; };
		26AD627A1CDCE45D00929C14 /* Info.plist */ = {isa = PBXFileReference; lastKnownFileType = text.plist.xml; path = Info.plist; sourceTree = "<group>"; };
		26AD62951CDCEEA300929C14 /* sv */ = {isa = PBXFileReference; lastKnownFileType = text.plist.strings; name = sv; path = sv.lproj/LaunchScreen.strings; sourceTree = "<group>"; };
		26AD629B1CDCF07900929C14 /* sv */ = {isa = PBXFileReference; lastKnownFileType = text.plist.strings; name = sv; path = sv.lproj/Localizable.strings; sourceTree = "<group>"; };
		26C4AF9D1C0E8B670027379A /* CategoryTableViewCell.swift */ = {isa = PBXFileReference; fileEncoding = 4; lastKnownFileType = sourcecode.swift; path = CategoryTableViewCell.swift; sourceTree = "<group>"; };
		26D3E7F01C2AE67D006EA2D6 /* news.json */ = {isa = PBXFileReference; fileEncoding = 4; lastKnownFileType = text.json; path = news.json; sourceTree = "<group>"; };
		26D3E7F21C2AF49D006EA2D6 /* SearchableList.swift */ = {isa = PBXFileReference; fileEncoding = 4; lastKnownFileType = sourcecode.swift; path = SearchableList.swift; sourceTree = "<group>"; };
		26E003501D12166B0009CB07 /* PinterestLayout.swift */ = {isa = PBXFileReference; fileEncoding = 4; lastKnownFileType = sourcecode.swift; path = PinterestLayout.swift; sourceTree = "<group>"; };
		26E003521D1216730009CB07 /* PhotoStreamViewController.swift */ = {isa = PBXFileReference; fileEncoding = 4; lastKnownFileType = sourcecode.swift; path = PhotoStreamViewController.swift; sourceTree = "<group>"; };
		26E231661BF6FF1300639E70 /* SafariServices.framework */ = {isa = PBXFileReference; lastKnownFileType = wrapper.framework; name = SafariServices.framework; path = System/Library/Frameworks/SafariServices.framework; sourceTree = SDKROOT; };
		26ED028E1C1CA6A400663A21 /* BubblaUITests.xctest */ = {isa = PBXFileReference; explicitFileType = wrapper.cfbundle; includeInIndex = 0; path = BubblaUITests.xctest; sourceTree = BUILT_PRODUCTS_DIR; };
		26ED02901C1CA6A400663A21 /* BubblaUITests.swift */ = {isa = PBXFileReference; lastKnownFileType = sourcecode.swift; path = BubblaUITests.swift; sourceTree = "<group>"; };
		26ED02921C1CA6A400663A21 /* Info.plist */ = {isa = PBXFileReference; lastKnownFileType = text.plist.xml; path = Info.plist; sourceTree = "<group>"; };
/* End PBXFileReference section */

/* Begin PBXFrameworksBuildPhase section */
		260DDA1F1BD59AE700E3DC5F /* Frameworks */ = {
			isa = PBXFrameworksBuildPhase;
			buildActionMask = 2147483647;
			files = (
				26E231671BF6FF1300639E70 /* SafariServices.framework in Frameworks */,
			);
			runOnlyForDeploymentPostprocessing = 0;
		};
		2666F0941C04BA8500B453F7 /* Frameworks */ = {
			isa = PBXFrameworksBuildPhase;
			buildActionMask = 2147483647;
			files = (
			);
			runOnlyForDeploymentPostprocessing = 0;
		};
		26AD62691CDCE45D00929C14 /* Frameworks */ = {
			isa = PBXFrameworksBuildPhase;
			buildActionMask = 2147483647;
			files = (
			);
			runOnlyForDeploymentPostprocessing = 0;
		};
		26ED028B1C1CA6A400663A21 /* Frameworks */ = {
			isa = PBXFrameworksBuildPhase;
			buildActionMask = 2147483647;
			files = (
			);
			runOnlyForDeploymentPostprocessing = 0;
		};
/* End PBXFrameworksBuildPhase section */

/* Begin PBXGroup section */
		260DDA191BD59AE700E3DC5F = {
			isa = PBXGroup;
			children = (
				26E231661BF6FF1300639E70 /* SafariServices.framework */,
				260DDA241BD59AE700E3DC5F /* Bubbla */,
				2666F0981C04BA8600B453F7 /* BubblaTests */,
				26ED028F1C1CA6A400663A21 /* BubblaUITests */,
				26AD626D1CDCE45D00929C14 /* Corax */,
				260DDA231BD59AE700E3DC5F /* Products */,
			);
			sourceTree = "<group>";
		};
		260DDA231BD59AE700E3DC5F /* Products */ = {
			isa = PBXGroup;
			children = (
				260DDA221BD59AE700E3DC5F /* Bubbla.app */,
				2666F0971C04BA8500B453F7 /* BubblaTests.xctest */,
				26ED028E1C1CA6A400663A21 /* BubblaUITests.xctest */,
				26AD626C1CDCE45D00929C14 /* Corax.app */,
			);
			name = Products;
			sourceTree = "<group>";
		};
		260DDA241BD59AE700E3DC5F /* Bubbla */ = {
			isa = PBXGroup;
			children = (
				260DDA251BD59AE700E3DC5F /* AppDelegate.swift */,
				260DDA371BD59B0700E3DC5F /* BubblaApi.swift */,
				26233E481BD6EBC900C754C8 /* Extensions.swift */,
				26233E461BD6EB0A00C754C8 /* Response.swift */,
				262246681C00D228009FCDDD /* WebViewController.swift */,
				26D3E7F21C2AF49D006EA2D6 /* SearchableList.swift */,
				260DDA401BD5A38000E3DC5F /* NewsTableViewController.swift */,
				260DDA421BD5A4F100E3DC5F /* NewsItemTableViewCell.swift */,
				26E003501D12166B0009CB07 /* PinterestLayout.swift */,
				263D41D81CAD81EC006ADE9E /* NewsAppearenceTableViewController.swift */,
				26254AD41C2DA37D0041776E /* PushNotificationsTableViewController.swift */,
				26E003521D1216730009CB07 /* PhotoStreamViewController.swift */,
				26254AD61C2DA3920041776E /* PushNotificationTableViewCell.swift */,
				26AD629A1CDCF04300929C14 /* Localizable.strings */,
				260634AA1C73E4B7006B36BD /* NewsSourceTableViewController.swift */,
				26607FE01CED500C0055421F /* NewsCollectionViewController.swift */,
				26607FE21CED50920055421F /* NewsCollectionViewCell.swift */,
				26A9A54D1BDE7BCC00140E67 /* CategoryTableViewController.swift */,
				26C4AF9D1C0E8B670027379A /* CategoryTableViewCell.swift */,
				260DDA291BD59AE700E3DC5F /* Main.storyboard */,
				260DDA2C1BD59AE700E3DC5F /* Assets.xcassets */,
				260DDA2E1BD59AE700E3DC5F /* LaunchScreen.storyboard */,
				260DDA311BD59AE700E3DC5F /* Info.plist */,
			);
			name = Bubbla;
			path = bubbla;
			sourceTree = "<group>";
		};
		2666F0981C04BA8600B453F7 /* BubblaTests */ = {
			isa = PBXGroup;
			children = (
				2666F0991C04BA8600B453F7 /* BubblaTests.swift */,
				26D3E7F01C2AE67D006EA2D6 /* news.json */,
				2666F09B1C04BA8600B453F7 /* Info.plist */,
			);
			path = BubblaTests;
			sourceTree = "<group>";
		};
		26AD626D1CDCE45D00929C14 /* Corax */ = {
			isa = PBXGroup;
			children = (
				26AD626E1CDCE45D00929C14 /* AppDelegate.swift */,
				26AD62751CDCE45D00929C14 /* Assets.xcassets */,
				26AD627A1CDCE45D00929C14 /* Info.plist */,
			);
			path = Corax;
			sourceTree = "<group>";
		};
		26ED028F1C1CA6A400663A21 /* BubblaUITests */ = {
			isa = PBXGroup;
			children = (
				26ED02901C1CA6A400663A21 /* BubblaUITests.swift */,
				26ED02921C1CA6A400663A21 /* Info.plist */,
			);
			path = BubblaUITests;
			sourceTree = "<group>";
		};
/* End PBXGroup section */

/* Begin PBXNativeTarget section */
		260DDA211BD59AE700E3DC5F /* Bubbla */ = {
			isa = PBXNativeTarget;
			buildConfigurationList = 260DDA341BD59AE700E3DC5F /* Build configuration list for PBXNativeTarget "Bubbla" */;
			buildPhases = (
				260DDA1E1BD59AE700E3DC5F /* Sources */,
				260DDA1F1BD59AE700E3DC5F /* Frameworks */,
				260DDA201BD59AE700E3DC5F /* Resources */,
			);
			buildRules = (
			);
			dependencies = (
			);
			name = Bubbla;
			productName = bubbla;
			productReference = 260DDA221BD59AE700E3DC5F /* Bubbla.app */;
			productType = "com.apple.product-type.application";
		};
		2666F0961C04BA8500B453F7 /* BubblaTests */ = {
			isa = PBXNativeTarget;
			buildConfigurationList = 2666F0A01C04BA8600B453F7 /* Build configuration list for PBXNativeTarget "BubblaTests" */;
			buildPhases = (
				2666F0931C04BA8500B453F7 /* Sources */,
				2666F0941C04BA8500B453F7 /* Frameworks */,
				2666F0951C04BA8500B453F7 /* Resources */,
			);
			buildRules = (
			);
			dependencies = (
				2666F09D1C04BA8600B453F7 /* PBXTargetDependency */,
			);
			name = BubblaTests;
			productName = BubblaTests;
			productReference = 2666F0971C04BA8500B453F7 /* BubblaTests.xctest */;
			productType = "com.apple.product-type.bundle.unit-test";
		};
		26AD626B1CDCE45D00929C14 /* Corax */ = {
			isa = PBXNativeTarget;
			buildConfigurationList = 26AD627D1CDCE45D00929C14 /* Build configuration list for PBXNativeTarget "Corax" */;
			buildPhases = (
				26AD62681CDCE45D00929C14 /* Sources */,
				26AD62691CDCE45D00929C14 /* Frameworks */,
				26AD626A1CDCE45D00929C14 /* Resources */,
			);
			buildRules = (
			);
			dependencies = (
			);
			name = Corax;
			productName = Corax;
			productReference = 26AD626C1CDCE45D00929C14 /* Corax.app */;
			productType = "com.apple.product-type.application";
		};
		26ED028D1C1CA6A400663A21 /* BubblaUITests */ = {
			isa = PBXNativeTarget;
			buildConfigurationList = 26ED02951C1CA6A400663A21 /* Build configuration list for PBXNativeTarget "BubblaUITests" */;
			buildPhases = (
				26ED028A1C1CA6A400663A21 /* Sources */,
				26ED028B1C1CA6A400663A21 /* Frameworks */,
				26ED028C1C1CA6A400663A21 /* Resources */,
			);
			buildRules = (
			);
			dependencies = (
				26ED02941C1CA6A400663A21 /* PBXTargetDependency */,
			);
			name = BubblaUITests;
			productName = BubblaUITests;
			productReference = 26ED028E1C1CA6A400663A21 /* BubblaUITests.xctest */;
			productType = "com.apple.product-type.bundle.ui-testing";
		};
/* End PBXNativeTarget section */

/* Begin PBXProject section */
		260DDA1A1BD59AE700E3DC5F /* Project object */ = {
			isa = PBXProject;
			attributes = {
				LastSwiftUpdateCheck = 0730;
				LastUpgradeCheck = 0700;
				ORGANIZATIONNAME = "Sami Purmonen";
				TargetAttributes = {
					260DDA211BD59AE700E3DC5F = {
						CreatedOnToolsVersion = 7.0.1;
						DevelopmentTeam = U8JUVSFVME;
						SystemCapabilities = {
							com.apple.Push = {
								enabled = 1;
							};
						};
					};
					2666F0961C04BA8500B453F7 = {
						CreatedOnToolsVersion = 7.1.1;
						TestTargetID = 260DDA211BD59AE700E3DC5F;
					};
					26AD626B1CDCE45D00929C14 = {
						CreatedOnToolsVersion = 7.3.1;
						DevelopmentTeam = U8JUVSFVME;
						SystemCapabilities = {
							com.apple.Push = {
								enabled = 1;
							};
						};
					};
					26ED028D1C1CA6A400663A21 = {
						CreatedOnToolsVersion = 7.2;
						TestTargetID = 260DDA211BD59AE700E3DC5F;
					};
				};
			};
			buildConfigurationList = 260DDA1D1BD59AE700E3DC5F /* Build configuration list for PBXProject "Bubbla" */;
			compatibilityVersion = "Xcode 3.2";
			developmentRegion = English;
			hasScannedForEncodings = 0;
			knownRegions = (
				en,
				Base,
				sv,
			);
			mainGroup = 260DDA191BD59AE700E3DC5F;
			productRefGroup = 260DDA231BD59AE700E3DC5F /* Products */;
			projectDirPath = "";
			projectRoot = "";
			targets = (
				260DDA211BD59AE700E3DC5F /* Bubbla */,
				2666F0961C04BA8500B453F7 /* BubblaTests */,
				26ED028D1C1CA6A400663A21 /* BubblaUITests */,
				26AD626B1CDCE45D00929C14 /* Corax */,
			);
		};
/* End PBXProject section */

/* Begin PBXResourcesBuildPhase section */
		260DDA201BD59AE700E3DC5F /* Resources */ = {
			isa = PBXResourcesBuildPhase;
			buildActionMask = 2147483647;
			files = (
				260DDA301BD59AE700E3DC5F /* LaunchScreen.storyboard in Resources */,
				26AD62971CDCF04300929C14 /* Localizable.strings in Resources */,
				260DDA2D1BD59AE700E3DC5F /* Assets.xcassets in Resources */,
				260DDA2B1BD59AE700E3DC5F /* Main.storyboard in Resources */,
			);
			runOnlyForDeploymentPostprocessing = 0;
		};
		2666F0951C04BA8500B453F7 /* Resources */ = {
			isa = PBXResourcesBuildPhase;
			buildActionMask = 2147483647;
			files = (
				26D3E7F11C2AE67D006EA2D6 /* news.json in Resources */,
			);
			runOnlyForDeploymentPostprocessing = 0;
		};
		26AD626A1CDCE45D00929C14 /* Resources */ = {
			isa = PBXResourcesBuildPhase;
			buildActionMask = 2147483647;
			files = (
				26AD629E1CDCF35F00929C14 /* Localizable.strings in Resources */,
				2689203D1CDEC35F00BB0706 /* Main.storyboard in Resources */,
				26AD62761CDCE45D00929C14 /* Assets.xcassets in Resources */,
				26AD62A01CDD05EE00929C14 /* LaunchScreen.storyboard in Resources */,
				26AD62931CDCEE2E00929C14 /* Assets.xcassets in Resources */,
			);
			runOnlyForDeploymentPostprocessing = 0;
		};
		26ED028C1C1CA6A400663A21 /* Resources */ = {
			isa = PBXResourcesBuildPhase;
			buildActionMask = 2147483647;
			files = (
			);
			runOnlyForDeploymentPostprocessing = 0;
		};
/* End PBXResourcesBuildPhase section */

/* Begin PBXSourcesBuildPhase section */
		260DDA1E1BD59AE700E3DC5F /* Sources */ = {
			isa = PBXSourcesBuildPhase;
			buildActionMask = 2147483647;
			files = (
				26254AD71C2DA3920041776E /* PushNotificationTableViewCell.swift in Sources */,
				260634AB1C73E4B7006B36BD /* NewsSourceTableViewController.swift in Sources */,
				260DDA261BD59AE700E3DC5F /* AppDelegate.swift in Sources */,
				26A9A54E1BDE7BCC00140E67 /* CategoryTableViewController.swift in Sources */,
				260DDA431BD5A4F100E3DC5F /* NewsItemTableViewCell.swift in Sources */,
				26D3E7F31C2AF49D006EA2D6 /* SearchableList.swift in Sources */,
				260DDA381BD59B0700E3DC5F /* BubblaApi.swift in Sources */,
				26233E491BD6EBC900C754C8 /* Extensions.swift in Sources */,
				263D41D91CAD81EC006ADE9E /* NewsAppearenceTableViewController.swift in Sources */,
				26E003531D1216730009CB07 /* PhotoStreamViewController.swift in Sources */,
				26607FE11CED500C0055421F /* NewsCollectionViewController.swift in Sources */,
				260DDA411BD5A38000E3DC5F /* NewsTableViewController.swift in Sources */,
				26607FE31CED50920055421F /* NewsCollectionViewCell.swift in Sources */,
				26254AD51C2DA37D0041776E /* PushNotificationsTableViewController.swift in Sources */,
				26233E471BD6EB0A00C754C8 /* Response.swift in Sources */,
				26E003511D12166B0009CB07 /* PinterestLayout.swift in Sources */,
				262246691C00D228009FCDDD /* WebViewController.swift in Sources */,
				26C4AF9E1C0E8B670027379A /* CategoryTableViewCell.swift in Sources */,
			);
			runOnlyForDeploymentPostprocessing = 0;
		};
		2666F0931C04BA8500B453F7 /* Sources */ = {
			isa = PBXSourcesBuildPhase;
			buildActionMask = 2147483647;
			files = (
				2666F09A1C04BA8600B453F7 /* BubblaTests.swift in Sources */,
			);
			runOnlyForDeploymentPostprocessing = 0;
		};
		26AD62681CDCE45D00929C14 /* Sources */ = {
			isa = PBXSourcesBuildPhase;
			buildActionMask = 2147483647;
			files = (
				26AD62841CDCE5EE00929C14 /* Response.swift in Sources */,
				26AD628B1CDCE60800929C14 /* PushNotificationTableViewCell.swift in Sources */,
				26AD62801CDCE5CC00929C14 /* NewsTableViewController.swift in Sources */,
				26AD62861CDCE5FC00929C14 /* NewsAppearenceTableViewController.swift in Sources */,
				26AD62851CDCE5F800929C14 /* NewsItemTableViewCell.swift in Sources */,
				26AD626F1CDCE45D00929C14 /* AppDelegate.swift in Sources */,
				26AD628C1CDCE60800929C14 /* NewsSourceTableViewController.swift in Sources */,
				26AD62871CDCE60000929C14 /* PushNotificationsTableViewController.swift in Sources */,
				26AD627F1CDCE5C800929C14 /* BubblaApi.swift in Sources */,
				26AD62821CDCE5E000929C14 /* SearchableList.swift in Sources */,
				26AD628E1CDCE60800929C14 /* CategoryTableViewCell.swift in Sources */,
				26AD629F1CDD04A700929C14 /* WebViewController.swift in Sources */,
				26AD62831CDCE5EA00929C14 /* Extensions.swift in Sources */,
				26AD628D1CDCE60800929C14 /* CategoryTableViewController.swift in Sources */,
			);
			runOnlyForDeploymentPostprocessing = 0;
		};
		26ED028A1C1CA6A400663A21 /* Sources */ = {
			isa = PBXSourcesBuildPhase;
			buildActionMask = 2147483647;
			files = (
				26ED02911C1CA6A400663A21 /* BubblaUITests.swift in Sources */,
			);
			runOnlyForDeploymentPostprocessing = 0;
		};
/* End PBXSourcesBuildPhase section */

/* Begin PBXTargetDependency section */
		2666F09D1C04BA8600B453F7 /* PBXTargetDependency */ = {
			isa = PBXTargetDependency;
			target = 260DDA211BD59AE700E3DC5F /* Bubbla */;
			targetProxy = 2666F09C1C04BA8600B453F7 /* PBXContainerItemProxy */;
		};
		26ED02941C1CA6A400663A21 /* PBXTargetDependency */ = {
			isa = PBXTargetDependency;
			target = 260DDA211BD59AE700E3DC5F /* Bubbla */;
			targetProxy = 26ED02931C1CA6A400663A21 /* PBXContainerItemProxy */;
		};
/* End PBXTargetDependency section */

/* Begin PBXVariantGroup section */
		260DDA291BD59AE700E3DC5F /* Main.storyboard */ = {
			isa = PBXVariantGroup;
			children = (
				260DDA2A1BD59AE700E3DC5F /* Base */,
				268920401CDEC47B00BB0706 /* sv */,
			);
			name = Main.storyboard;
			sourceTree = "<group>";
		};
		260DDA2E1BD59AE700E3DC5F /* LaunchScreen.storyboard */ = {
			isa = PBXVariantGroup;
			children = (
				260DDA2F1BD59AE700E3DC5F /* Base */,
				26AD62951CDCEEA300929C14 /* sv */,
			);
			name = LaunchScreen.storyboard;
			sourceTree = "<group>";
		};
		26AD629A1CDCF04300929C14 /* Localizable.strings */ = {
			isa = PBXVariantGroup;
			children = (
				26AD629B1CDCF07900929C14 /* sv */,
			);
			name = Localizable.strings;
			sourceTree = "<group>";
		};
/* End PBXVariantGroup section */

/* Begin XCBuildConfiguration section */
		260DDA321BD59AE700E3DC5F /* Debug */ = {
			isa = XCBuildConfiguration;
			buildSettings = {
				ALWAYS_SEARCH_USER_PATHS = NO;
				CLANG_CXX_LANGUAGE_STANDARD = "gnu++0x";
				CLANG_CXX_LIBRARY = "libc++";
				CLANG_ENABLE_MODULES = YES;
				CLANG_ENABLE_OBJC_ARC = YES;
				CLANG_WARN_BOOL_CONVERSION = YES;
				CLANG_WARN_CONSTANT_CONVERSION = YES;
				CLANG_WARN_DIRECT_OBJC_ISA_USAGE = YES_ERROR;
				CLANG_WARN_EMPTY_BODY = YES;
				CLANG_WARN_ENUM_CONVERSION = YES;
				CLANG_WARN_INT_CONVERSION = YES;
				CLANG_WARN_OBJC_ROOT_CLASS = YES_ERROR;
				CLANG_WARN_UNREACHABLE_CODE = YES;
				CLANG_WARN__DUPLICATE_METHOD_MATCH = YES;
				"CODE_SIGN_IDENTITY[sdk=iphoneos*]" = "iPhone Developer";
				COPY_PHASE_STRIP = NO;
				DEBUG_INFORMATION_FORMAT = dwarf;
				ENABLE_BITCODE = NO;
				ENABLE_STRICT_OBJC_MSGSEND = YES;
				ENABLE_TESTABILITY = YES;
				GCC_C_LANGUAGE_STANDARD = gnu99;
				GCC_DYNAMIC_NO_PIC = NO;
				GCC_NO_COMMON_BLOCKS = YES;
				GCC_OPTIMIZATION_LEVEL = 0;
				GCC_PREPROCESSOR_DEFINITIONS = (
					"DEBUG=1",
					"$(inherited)",
				);
				GCC_WARN_64_TO_32_BIT_CONVERSION = YES;
				GCC_WARN_ABOUT_RETURN_TYPE = YES_ERROR;
				GCC_WARN_UNDECLARED_SELECTOR = YES;
				GCC_WARN_UNINITIALIZED_AUTOS = YES_AGGRESSIVE;
				GCC_WARN_UNUSED_FUNCTION = YES;
				GCC_WARN_UNUSED_VARIABLE = YES;
				IPHONEOS_DEPLOYMENT_TARGET = 9.0;
				MTL_ENABLE_DEBUG_INFO = YES;
				ONLY_ACTIVE_ARCH = YES;
				SDKROOT = iphoneos;
				SWIFT_OPTIMIZATION_LEVEL = "-Onone";
			};
			name = Debug;
		};
		260DDA331BD59AE700E3DC5F /* Release */ = {
			isa = XCBuildConfiguration;
			buildSettings = {
				ALWAYS_SEARCH_USER_PATHS = NO;
				CLANG_CXX_LANGUAGE_STANDARD = "gnu++0x";
				CLANG_CXX_LIBRARY = "libc++";
				CLANG_ENABLE_MODULES = YES;
				CLANG_ENABLE_OBJC_ARC = YES;
				CLANG_WARN_BOOL_CONVERSION = YES;
				CLANG_WARN_CONSTANT_CONVERSION = YES;
				CLANG_WARN_DIRECT_OBJC_ISA_USAGE = YES_ERROR;
				CLANG_WARN_EMPTY_BODY = YES;
				CLANG_WARN_ENUM_CONVERSION = YES;
				CLANG_WARN_INT_CONVERSION = YES;
				CLANG_WARN_OBJC_ROOT_CLASS = YES_ERROR;
				CLANG_WARN_UNREACHABLE_CODE = YES;
				CLANG_WARN__DUPLICATE_METHOD_MATCH = YES;
				"CODE_SIGN_IDENTITY[sdk=iphoneos*]" = "iPhone Developer";
				COPY_PHASE_STRIP = NO;
				DEBUG_INFORMATION_FORMAT = "dwarf-with-dsym";
				ENABLE_BITCODE = NO;
				ENABLE_NS_ASSERTIONS = NO;
				ENABLE_STRICT_OBJC_MSGSEND = YES;
				GCC_C_LANGUAGE_STANDARD = gnu99;
				GCC_NO_COMMON_BLOCKS = YES;
				GCC_WARN_64_TO_32_BIT_CONVERSION = YES;
				GCC_WARN_ABOUT_RETURN_TYPE = YES_ERROR;
				GCC_WARN_UNDECLARED_SELECTOR = YES;
				GCC_WARN_UNINITIALIZED_AUTOS = YES_AGGRESSIVE;
				GCC_WARN_UNUSED_FUNCTION = YES;
				GCC_WARN_UNUSED_VARIABLE = YES;
				IPHONEOS_DEPLOYMENT_TARGET = 9.0;
				MTL_ENABLE_DEBUG_INFO = NO;
				SDKROOT = iphoneos;
				VALIDATE_PRODUCT = YES;
			};
			name = Release;
		};
		260DDA351BD59AE700E3DC5F /* Debug */ = {
			isa = XCBuildConfiguration;
			buildSettings = {
				ASSETCATALOG_COMPILER_APPICON_NAME = AppIcon;
				CODE_SIGN_IDENTITY = "iPhone Developer";
				"CODE_SIGN_IDENTITY[sdk=iphoneos*]" = "iPhone Developer";
				FRAMEWORK_SEARCH_PATHS = (
					"$(inherited)",
					"$(PROJECT_DIR)/bubbla",
					"$(PROJECT_DIR)/Carthage/Build/iOS",
				);
				INFOPLIST_FILE = bubbla/Info.plist;
				LD_RUNPATH_SEARCH_PATHS = "$(inherited) @executable_path/Frameworks";
				PRODUCT_BUNDLE_IDENTIFIER = Monafide.bubbla;
				PRODUCT_NAME = Bubbla;
				PROVISIONING_PROFILE = "";
				TARGETED_DEVICE_FAMILY = "1,2";
			};
			name = Debug;
		};
		260DDA361BD59AE700E3DC5F /* Release */ = {
			isa = XCBuildConfiguration;
			buildSettings = {
				ASSETCATALOG_COMPILER_APPICON_NAME = AppIcon;
				CODE_SIGN_IDENTITY = "iPhone Developer";
				"CODE_SIGN_IDENTITY[sdk=iphoneos*]" = "iPhone Developer";
				FRAMEWORK_SEARCH_PATHS = (
					"$(inherited)",
					"$(PROJECT_DIR)/bubbla",
					"$(PROJECT_DIR)/Carthage/Build/iOS",
				);
				INFOPLIST_FILE = bubbla/Info.plist;
				LD_RUNPATH_SEARCH_PATHS = "$(inherited) @executable_path/Frameworks";
				PRODUCT_BUNDLE_IDENTIFIER = Monafide.bubbla;
				PRODUCT_NAME = Bubbla;
				PROVISIONING_PROFILE = "";
				TARGETED_DEVICE_FAMILY = "1,2";
			};
			name = Release;
		};
		2666F09E1C04BA8600B453F7 /* Debug */ = {
			isa = XCBuildConfiguration;
			buildSettings = {
				BUNDLE_LOADER = "$(TEST_HOST)";
				FRAMEWORK_SEARCH_PATHS = (
					"$(inherited)",
					"$(PROJECT_DIR)/Carthage/Build/iOS",
				);
				INFOPLIST_FILE = BubblaTests/Info.plist;
				IPHONEOS_DEPLOYMENT_TARGET = 9.1;
				LD_RUNPATH_SEARCH_PATHS = "$(inherited) @executable_path/Frameworks @loader_path/Frameworks";
				PRODUCT_BUNDLE_IDENTIFIER = Monafide.BubblaTests;
				PRODUCT_NAME = "$(TARGET_NAME)";
				TEST_HOST = "$(BUILT_PRODUCTS_DIR)/Bubbla.app/Bubbla";
			};
			name = Debug;
		};
		2666F09F1C04BA8600B453F7 /* Release */ = {
			isa = XCBuildConfiguration;
			buildSettings = {
				BUNDLE_LOADER = "$(TEST_HOST)";
				FRAMEWORK_SEARCH_PATHS = (
					"$(inherited)",
					"$(PROJECT_DIR)/Carthage/Build/iOS",
				);
				INFOPLIST_FILE = BubblaTests/Info.plist;
				IPHONEOS_DEPLOYMENT_TARGET = 9.1;
				LD_RUNPATH_SEARCH_PATHS = "$(inherited) @executable_path/Frameworks @loader_path/Frameworks";
				PRODUCT_BUNDLE_IDENTIFIER = Monafide.BubblaTests;
				PRODUCT_NAME = "$(TARGET_NAME)";
				TEST_HOST = "$(BUILT_PRODUCTS_DIR)/Bubbla.app/Bubbla";
			};
			name = Release;
		};
		26AD627B1CDCE45D00929C14 /* Debug */ = {
			isa = XCBuildConfiguration;
			buildSettings = {
				ASSETCATALOG_COMPILER_APPICON_NAME = CoraxAppIcon;
				CLANG_ANALYZER_NONNULL = YES;
				CODE_SIGN_IDENTITY = "iPhone Developer";
				INFOPLIST_FILE = Corax/Info.plist;
				IPHONEOS_DEPLOYMENT_TARGET = 9.0;
				LD_RUNPATH_SEARCH_PATHS = "$(inherited) @executable_path/Frameworks";
				PRODUCT_BUNDLE_IDENTIFIER = Monafide.Corax;
				PRODUCT_NAME = "$(TARGET_NAME)";
				TARGETED_DEVICE_FAMILY = "1,2";
			};
			name = Debug;
		};
		26AD627C1CDCE45D00929C14 /* Release */ = {
			isa = XCBuildConfiguration;
			buildSettings = {
				ASSETCATALOG_COMPILER_APPICON_NAME = CoraxAppIcon;
				CLANG_ANALYZER_NONNULL = YES;
				CODE_SIGN_IDENTITY = "iPhone Developer";
				INFOPLIST_FILE = Corax/Info.plist;
				IPHONEOS_DEPLOYMENT_TARGET = 9.0;
				LD_RUNPATH_SEARCH_PATHS = "$(inherited) @executable_path/Frameworks";
				PRODUCT_BUNDLE_IDENTIFIER = Monafide.Corax;
				PRODUCT_NAME = "$(TARGET_NAME)";
				TARGETED_DEVICE_FAMILY = "1,2";
			};
			name = Release;
		};
		26ED02961C1CA6A400663A21 /* Debug */ = {
			isa = XCBuildConfiguration;
			buildSettings = {
				INFOPLIST_FILE = BubblaUITests/Info.plist;
				IPHONEOS_DEPLOYMENT_TARGET = 9.2;
				LD_RUNPATH_SEARCH_PATHS = "$(inherited) @executable_path/Frameworks @loader_path/Frameworks";
				PRODUCT_BUNDLE_IDENTIFIER = Monafide.BubblaUITests;
				PRODUCT_NAME = "$(TARGET_NAME)";
				TEST_TARGET_NAME = Bubbla;
				USES_XCTRUNNER = YES;
			};
			name = Debug;
		};
		26ED02971C1CA6A400663A21 /* Release */ = {
			isa = XCBuildConfiguration;
			buildSettings = {
				INFOPLIST_FILE = BubblaUITests/Info.plist;
				IPHONEOS_DEPLOYMENT_TARGET = 9.2;
				LD_RUNPATH_SEARCH_PATHS = "$(inherited) @executable_path/Frameworks @loader_path/Frameworks";
				PRODUCT_BUNDLE_IDENTIFIER = Monafide.BubblaUITests;
				PRODUCT_NAME = "$(TARGET_NAME)";
				TEST_TARGET_NAME = Bubbla;
				USES_XCTRUNNER = YES;
			};
			name = Release;
		};
/* End XCBuildConfiguration section */

/* Begin XCConfigurationList section */
		260DDA1D1BD59AE700E3DC5F /* Build configuration list for PBXProject "Bubbla" */ = {
			isa = XCConfigurationList;
			buildConfigurations = (
				260DDA321BD59AE700E3DC5F /* Debug */,
				260DDA331BD59AE700E3DC5F /* Release */,
			);
			defaultConfigurationIsVisible = 0;
			defaultConfigurationName = Release;
		};
		260DDA341BD59AE700E3DC5F /* Build configuration list for PBXNativeTarget "Bubbla" */ = {
			isa = XCConfigurationList;
			buildConfigurations = (
				260DDA351BD59AE700E3DC5F /* Debug */,
				260DDA361BD59AE700E3DC5F /* Release */,
			);
			defaultConfigurationIsVisible = 0;
			defaultConfigurationName = Release;
		};
		2666F0A01C04BA8600B453F7 /* Build configuration list for PBXNativeTarget "BubblaTests" */ = {
			isa = XCConfigurationList;
			buildConfigurations = (
				2666F09E1C04BA8600B453F7 /* Debug */,
				2666F09F1C04BA8600B453F7 /* Release */,
			);
			defaultConfigurationIsVisible = 0;
			defaultConfigurationName = Release;
		};
		26AD627D1CDCE45D00929C14 /* Build configuration list for PBXNativeTarget "Corax" */ = {
			isa = XCConfigurationList;
			buildConfigurations = (
				26AD627B1CDCE45D00929C14 /* Debug */,
				26AD627C1CDCE45D00929C14 /* Release */,
			);
			defaultConfigurationIsVisible = 0;
			defaultConfigurationName = Release;
		};
		26ED02951C1CA6A400663A21 /* Build configuration list for PBXNativeTarget "BubblaUITests" */ = {
			isa = XCConfigurationList;
			buildConfigurations = (
				26ED02961C1CA6A400663A21 /* Debug */,
				26ED02971C1CA6A400663A21 /* Release */,
			);
			defaultConfigurationIsVisible = 0;
			defaultConfigurationName = Release;
		};
/* End XCConfigurationList section */
	};
	rootObject = 260DDA1A1BD59AE700E3DC5F /* Project object */;
}
